# THIS IS AN AUTOGENERATED FILE. DO NOT EDIT THIS FILE DIRECTLY.
# yarn lockfile v1


"@types/amqplib@^0.5.11":
  version "0.5.11"
  resolved "https://registry.yarnpkg.com/@types/amqplib/-/amqplib-0.5.11.tgz#32b0fe3d8e3aa4c749b300d232da15900908e816"
  integrity sha512-SGOfzsqrjIGmlftR1agR7B4UDCOeAjKksdoLyfPYSVj64zkUM+K1zJZ3m4nQlhpFcCaTOaZybUHXpufbb8vNsg==
  dependencies:
    "@types/bluebird" "*"
    "@types/node" "*"

"@types/bluebird@*":
  version "3.5.26"
  resolved "https://registry.yarnpkg.com/@types/bluebird/-/bluebird-3.5.26.tgz#a38c438ae84fa02431d6892edf86e46edcbca291"
  integrity sha512-aj2mrBLn5ky0GmAg6IPXrQjnN0iB/ulozuJ+oZdrHRAzRbXjGmu4UXsNCjFvPbSaaPZmniocdOzsM392qLOlmQ==

"@types/ioredis@^4.0.9":
  version "4.0.9"
  resolved "https://registry.yarnpkg.com/@types/ioredis/-/ioredis-4.0.9.tgz#45d986c8e1c71af9fa9acb8725db306744e1d94c"
  integrity sha512-huquAKzRAQ2d58rUyOZn0lwkrJ9HKl2cm2ay++hiZDt2u/MwAe1Ca+Un8OEOODsu/dsrJ0UYtT6qfsB1JZ7gWg==
  dependencies:
    "@types/node" "*"

"@types/node@*":
  version "11.11.0"
  resolved "https://registry.yarnpkg.com/@types/node/-/node-11.11.0.tgz#070e9ce7c90e727aca0e0c14e470f9a93ffe9390"
  integrity sha512-D5Rt+HXgEywr3RQJcGlZUCTCx1qVbCZpVk3/tOOA6spLNZdGm8BU+zRgdRYDoF1pO3RuXLxADzMrF903JlQXqg==

amqplib@^0.5.3:
  version "0.5.3"
  resolved "https://registry.yarnpkg.com/amqplib/-/amqplib-0.5.3.tgz#7ccfc85d12ee7cd3c6dc861bb07f0648ec3d7193"
  integrity sha512-ZOdUhMxcF+u62rPI+hMtU1NBXSDFQ3eCJJrenamtdQ7YYwh7RZJHOIM1gonVbZ5PyVdYH4xqBPje9OYqk7fnqw==
  dependencies:
    bitsyntax "~0.1.0"
    bluebird "^3.5.2"
    buffer-more-ints "~1.0.0"
    readable-stream "1.x >=1.1.9"
    safe-buffer "~5.1.2"
    url-parse "~1.4.3"

bitsyntax@~0.1.0:
  version "0.1.0"
  resolved "https://registry.yarnpkg.com/bitsyntax/-/bitsyntax-0.1.0.tgz#b0c59acef03505de5a2ed62a2f763c56ae1d6205"
  integrity sha512-ikAdCnrloKmFOugAfxWws89/fPc+nw0OOG1IzIE72uSOg/A3cYptKCjSUhDTuj7fhsJtzkzlv7l3b8PzRHLN0Q==
  dependencies:
    buffer-more-ints "~1.0.0"
    debug "~2.6.9"
    safe-buffer "~5.1.2"

bluebird@^3.5.2:
  version "3.5.3"
  resolved "https://registry.yarnpkg.com/bluebird/-/bluebird-3.5.3.tgz#7d01c6f9616c9a51ab0f8c549a79dfe6ec33efa7"
  integrity sha512-/qKPUQlaW1OyR51WeCPBvRnAlnZFUJkCSG5HzGnuIqhgyJtF+T94lFnn33eiazjRm2LAHVy2guNnaq48X9SJuw==

buffer-more-ints@~1.0.0:
  version "1.0.0"
  resolved "https://registry.yarnpkg.com/buffer-more-ints/-/buffer-more-ints-1.0.0.tgz#ef4f8e2dddbad429ed3828a9c55d44f05c611422"
  integrity sha512-EMetuGFz5SLsT0QTnXzINh4Ksr+oo4i+UGTXEshiGCQWnsgSs7ZhJ8fzlwQ+OzEMs0MpDAMr1hxnblp5a4vcHg==

cluster-key-slot@^1.0.6:
  version "1.0.12"
  resolved "https://registry.yarnpkg.com/cluster-key-slot/-/cluster-key-slot-1.0.12.tgz#d5deff2a520717bc98313979b687309b2d368e29"
  integrity sha512-21O0kGmvED5OJ7ZTdqQ5lQQ+sjuez33R+d35jZKLwqUb5mqcPHUsxOSzj61+LHVtxGZd1kShbQM3MjB/gBJkVg==

core-util-is@~1.0.0:
  version "1.0.2"
  resolved "https://registry.yarnpkg.com/core-util-is/-/core-util-is-1.0.2.tgz#b5fd54220aa2bc5ab57aab7140c940754503c1a7"
  integrity sha1-tf1UIgqivFq1eqtxQMlAdUUDwac=

debug@^3.1.0:
  version "3.2.6"
  resolved "https://registry.yarnpkg.com/debug/-/debug-3.2.6.tgz#e83d17de16d8a7efb7717edbe5fb10135eee629b"
  integrity sha512-mel+jf7nrtEl5Pn1Qx46zARXKDpBbvzezse7p7LqINmdoIk8PYP5SySaxEmYv6TZ0JyEKA1hsCId6DIhgITtWQ==
  dependencies:
    ms "^2.1.1"

debug@~2.6.9:
  version "2.6.9"
  resolved "https://registry.yarnpkg.com/debug/-/debug-2.6.9.tgz#5d128515df134ff327e90a4c93f4e077a536341f"
  integrity sha512-bC7ElrdJaJnPbAP+1EotYvqZsb3ecl5wi6Bfi6BJTUcNowp6cvspg0jXznRTKDjm/E7AdgFBVeAPVMNcKGsHMA==
  dependencies:
    ms "2.0.0"

denque@^1.1.0:
  version "1.4.0"
  resolved "https://registry.yarnpkg.com/denque/-/denque-1.4.0.tgz#79e2f0490195502107f24d9553f374837dabc916"
  integrity sha512-gh513ac7aiKrAgjiIBWZG0EASyDF9p4JMWwKA8YU5s9figrL5SRNEMT6FDynsegakuhWd1wVqTvqvqAoDxw7wQ==

flexbuffer@0.0.6:
  version "0.0.6"
  resolved "https://registry.yarnpkg.com/flexbuffer/-/flexbuffer-0.0.6.tgz#039fdf23f8823e440c38f3277e6fef1174215b30"
  integrity sha1-A5/fI/iCPkQMOPMnfm/vEXQhWzA=

inherits@~2.0.1:
  version "2.0.3"
  resolved "https://registry.yarnpkg.com/inherits/-/inherits-2.0.3.tgz#633c2c83e3da42a502f52466022480f4208261de"
  integrity sha1-Yzwsg+PaQqUC9SRmAiSA9CCCYd4=

ioredis@^4.6.2:
  version "4.6.2"
  resolved "https://registry.yarnpkg.com/ioredis/-/ioredis-4.6.2.tgz#840847117fe0190a9309085847311a07183fc385"
  integrity sha512-zlc/LeoeriHTXm5z3rakPcfRcUV9x+xr0E+7/L7KH0D5z7sI5ngEQWR2RUxnwFcxUcCkvrXMztRIdBP3DhqMAQ==
  dependencies:
    cluster-key-slot "^1.0.6"
    debug "^3.1.0"
    denque "^1.1.0"
    flexbuffer "0.0.6"
    lodash.defaults "^4.2.0"
    lodash.flatten "^4.4.0"
    redis-commands "1.4.0"
    redis-errors "^1.2.0"
    redis-parser "^3.0.0"
    standard-as-callback "^1.0.0"

isarray@0.0.1:
  version "0.0.1"
  resolved "https://registry.yarnpkg.com/isarray/-/isarray-0.0.1.tgz#8a18acfca9a8f4177e09abfc6038939b05d1eedf"
  integrity sha1-ihis/Kmo9Bd+Cav8YDiTmwXR7t8=

lodash.defaults@^4.2.0:
  version "4.2.0"
  resolved "https://registry.yarnpkg.com/lodash.defaults/-/lodash.defaults-4.2.0.tgz#d09178716ffea4dde9e5fb7b37f6f0802274580c"
  integrity sha1-0JF4cW/+pN3p5ft7N/bwgCJ0WAw=

lodash.flatten@^4.4.0:
  version "4.4.0"
  resolved "https://registry.yarnpkg.com/lodash.flatten/-/lodash.flatten-4.4.0.tgz#f31c22225a9632d2bbf8e4addbef240aa765a61f"
  integrity sha1-8xwiIlqWMtK7+OSt2+8kCqdlph8=

ms@2.0.0:
  version "2.0.0"
  resolved "https://registry.yarnpkg.com/ms/-/ms-2.0.0.tgz#5608aeadfc00be6c2901df5f9861788de0d597c8"
  integrity sha1-VgiurfwAvmwpAd9fmGF4jeDVl8g=

ms@^2.1.1:
  version "2.1.1"
  resolved "https://registry.yarnpkg.com/ms/-/ms-2.1.1.tgz#30a5864eb3ebb0a66f2ebe6d727af06a09d86e0a"
  integrity sha512-tgp+dl5cGk28utYktBsrFqA7HKgrhgPsg6Z/EfhWI4gl1Hwq8B/GmY/0oXZ6nF8hDVesS/FpnYaD/kOWhYQvyg==

nuid@^1.0.0:
  version "1.0.0"
  resolved "https://registry.yarnpkg.com/nuid/-/nuid-1.0.0.tgz#04ecc21be41cc321940a9089984382f3bdc61638"
  integrity sha512-046ukkoG8NXjiJMpQYLpGhYJIXJlClt2rDlnubCXN1/pztO/YTD2WkhyBZsEADsUwVtVMv5UmC0B2QrT5sZiDQ==

querystringify@^2.0.0:
  version "2.1.0"
  resolved "https://registry.yarnpkg.com/querystringify/-/querystringify-2.1.0.tgz#7ded8dfbf7879dcc60d0a644ac6754b283ad17ef"
  integrity sha512-sluvZZ1YiTLD5jsqZcDmFyV2EwToyXZBfpoVOmktMmW+VEnhgakFHnasVph65fOjGPTWN0Nw3+XQaSeMayr0kg==

"readable-stream@1.x >=1.1.9":
  version "1.1.14"
  resolved "https://registry.yarnpkg.com/readable-stream/-/readable-stream-1.1.14.tgz#7cf4c54ef648e3813084c636dd2079e166c081d9"
  integrity sha1-fPTFTvZI44EwhMY23SB54WbAgdk=
  dependencies:
    core-util-is "~1.0.0"
    inherits "~2.0.1"
    isarray "0.0.1"
    string_decoder "~0.10.x"

redis-commands@1.4.0:
  version "1.4.0"
  resolved "https://registry.yarnpkg.com/redis-commands/-/redis-commands-1.4.0.tgz#52f9cf99153efcce56a8f86af986bd04e988602f"
  integrity sha512-cu8EF+MtkwI4DLIT0x9P8qNTLFhQD4jLfxLR0cCNkeGzs87FN6879JOJwNQR/1zD7aSYNbU0hgsV9zGY71Itvw==

redis-errors@^1.0.0, redis-errors@^1.2.0:
  version "1.2.0"
  resolved "https://registry.yarnpkg.com/redis-errors/-/redis-errors-1.2.0.tgz#eb62d2adb15e4eaf4610c04afe1529384250abad"
  integrity sha1-62LSrbFeTq9GEMBK/hUpOEJQq60=

redis-parser@^3.0.0:
  version "3.0.0"
  resolved "https://registry.yarnpkg.com/redis-parser/-/redis-parser-3.0.0.tgz#b66d828cdcafe6b4b8a428a7def4c6bcac31c8b4"
  integrity sha1-tm2CjNyv5rS4pCin3vTGvKwxyLQ=
  dependencies:
    redis-errors "^1.0.0"

requires-port@^1.0.0:
  version "1.0.0"
  resolved "https://registry.yarnpkg.com/requires-port/-/requires-port-1.0.0.tgz#925d2601d39ac485e091cf0da5c6e694dc3dcaff"
  integrity sha1-kl0mAdOaxIXgkc8NpcbmlNw9yv8=

safe-buffer@~5.1.2:
  version "5.1.2"
  resolved "https://registry.yarnpkg.com/safe-buffer/-/safe-buffer-5.1.2.tgz#991ec69d296e0313747d59bdfd2b745c35f8828d"
  integrity sha512-Gd2UZBJDkXlY7GbJxfsE8/nvKkUEU1G38c1siN6QP6a9PT9MmHB8GnpscSmMJSoF8LOIrt8ud/wPtojys4G6+g==

standard-as-callback@^1.0.0:
  version "1.0.2"
  resolved "https://registry.yarnpkg.com/standard-as-callback/-/standard-as-callback-1.0.2.tgz#d0813289db00f8bd5e0f29e74744cb63706707c8"
  integrity sha512-1Qrah+2Vmj8DiftcXR9gfUe/gFmOukdnxF5v7G/apCZbLtjh3rjss8Eu6Qlprm6zerrl+qDmvm7KXpJedqpoAQ==

string_decoder@~0.10.x:
  version "0.10.31"
  resolved "https://registry.yarnpkg.com/string_decoder/-/string_decoder-0.10.31.tgz#62e203bc41766c6c28c9fc84301dab1c5310fa94"
  integrity sha1-YuIDvEF2bGwoyfyEMB2rHFMQ+pQ=

ts-nats@^1.1.2:
  version "1.1.2"
  resolved "https://registry.yarnpkg.com/ts-nats/-/ts-nats-1.1.2.tgz#df4edbd9bdb28da216eea88ebf6cbd6ac79e41f7"
  integrity sha512-yNWPdwSbjrroo4QSA/PqhgL1kydCE/JRyZ29tJk4jVK67orTNEQpfjZnbr+KdiffMYAcaYV7hFgTTQZeGYqDrA==
  dependencies:
    nuid "^1.0.0"
    ts-nkeys "^1.0.10"

ts-nkeys@^1.0.10:
  version "1.0.10"
  resolved "https://registry.yarnpkg.com/ts-nkeys/-/ts-nkeys-1.0.10.tgz#b4f978bdeea981fad6d3bc5183af6e76d6f7aa3c"
  integrity sha512-T5TPWXl8EzCIqnuauGluNNUZPZM1rfRL6oE97xFHPH44TSFDNMHPkaN4/c95MuiV+JeYyrC+edLzpHr+Gc+YEw==
  dependencies:
    tweetnacl "^1.0.0"

tweetnacl@^1.0.0:
  version "1.0.1"
  resolved "https://registry.yarnpkg.com/tweetnacl/-/tweetnacl-1.0.1.tgz#2594d42da73cd036bd0d2a54683dd35a6b55ca17"
  integrity sha512-kcoMoKTPYnoeS50tzoqjPY3Uv9axeuuFAZY9M/9zFnhoVvRfxz9K29IMPD7jGmt2c8SW7i3gT9WqDl2+nV7p4A==

url-parse@~1.4.3:
  version "1.4.4"
  resolved "https://registry.yarnpkg.com/url-parse/-/url-parse-1.4.4.tgz#cac1556e95faa0303691fec5cf9d5a1bc34648f8"
  integrity sha512-/92DTTorg4JjktLNLe6GPS2/RvAd/RGr6LuktmWSMLEOa6rjnlrFXNgSbSmkNvCoL2T028A0a1JaJLzRMlFoHg==
  dependencies:
    querystringify "^2.0.0"
    requires-port "^1.0.0"
